// !$*UTF8*$!
{
	archiveVersion = 1;
	classes = {
	};
	objectVersion = 46;
	objects = {

/* Begin PBXBuildFile section */
		3225552A1A425879005328D1 /* SignUpVC.m in Sources */ = {isa = PBXBuildFile; fileRef = 322555291A425879005328D1 /* SignUpVC.m */; };
		3225552D1A42588F005328D1 /* LoginVC.m in Sources */ = {isa = PBXBuildFile; fileRef = 3225552C1A42588E005328D1 /* LoginVC.m */; };
		322555301A426F54005328D1 /* MakeProfileVC.m in Sources */ = {isa = PBXBuildFile; fileRef = 3225552F1A426F54005328D1 /* MakeProfileVC.m */; };
		323AFEEB1A3BC80800A1CD87 /* main.m in Sources */ = {isa = PBXBuildFile; fileRef = 323AFEEA1A3BC80800A1CD87 /* main.m */; };
		323AFEEE1A3BC80800A1CD87 /* AppDelegate.m in Sources */ = {isa = PBXBuildFile; fileRef = 323AFEED1A3BC80800A1CD87 /* AppDelegate.m */; };
		323AFEF11A3BC80800A1CD87 /* ViewController.m in Sources */ = {isa = PBXBuildFile; fileRef = 323AFEF01A3BC80800A1CD87 /* ViewController.m */; };
		323AFEF41A3BC80800A1CD87 /* Main.storyboard in Resources */ = {isa = PBXBuildFile; fileRef = 323AFEF21A3BC80800A1CD87 /* Main.storyboard */; };
		323AFEF61A3BC80800A1CD87 /* Images.xcassets in Resources */ = {isa = PBXBuildFile; fileRef = 323AFEF51A3BC80800A1CD87 /* Images.xcassets */; };
		323AFEF91A3BC80800A1CD87 /* LaunchScreen.xib in Resources */ = {isa = PBXBuildFile; fileRef = 323AFEF71A3BC80800A1CD87 /* LaunchScreen.xib */; };
		323AFF051A3BC80800A1CD87 /* DropTests.m in Sources */ = {isa = PBXBuildFile; fileRef = 323AFF041A3BC80800A1CD87 /* DropTests.m */; };
		323AFF0F1A3BCBA200A1CD87 /* MobileCoreServices.framework in Frameworks */ = {isa = PBXBuildFile; fileRef = 323AFF0E1A3BCBA200A1CD87 /* MobileCoreServices.framework */; };
		323AFF111A3BCC8E00A1CD87 /* MapKit.framework in Frameworks */ = {isa = PBXBuildFile; fileRef = 323AFF101A3BCC8E00A1CD87 /* MapKit.framework */; };
		323AFF131A3BCDF400A1CD87 /* AVFoundation.framework in Frameworks */ = {isa = PBXBuildFile; fileRef = 323AFF121A3BCDF400A1CD87 /* AVFoundation.framework */; };
		323AFF151A3BCED300A1CD87 /* CoreVideo.framework in Frameworks */ = {isa = PBXBuildFile; fileRef = 323AFF141A3BCED300A1CD87 /* CoreVideo.framework */; };
		323AFF171A3BCED900A1CD87 /* CoreMedia.framework in Frameworks */ = {isa = PBXBuildFile; fileRef = 323AFF161A3BCED900A1CD87 /* CoreMedia.framework */; };
		323AFF191A3BCEE700A1CD87 /* ImageIO.framework in Frameworks */ = {isa = PBXBuildFile; fileRef = 323AFF181A3BCEE700A1CD87 /* ImageIO.framework */; };
		323AFF1B1A3BCEEE00A1CD87 /* QuartzCore.framework in Frameworks */ = {isa = PBXBuildFile; fileRef = 323AFF1A1A3BCEEE00A1CD87 /* QuartzCore.framework */; };
		327E5ED41A42E39A00A8D4E9 /* FirstVC.m in Sources */ = {isa = PBXBuildFile; fileRef = 327E5ED31A42E39A00A8D4E9 /* FirstVC.m */; };
		8807A74BDA3D7CF833CC6F74 /* libPods.a in Frameworks */ = {isa = PBXBuildFile; fileRef = C772EBD609025F232DF2D5EC /* libPods.a */; };
/* End PBXBuildFile section */

/* Begin PBXContainerItemProxy section */
		323AFEFF1A3BC80800A1CD87 /* PBXContainerItemProxy */ = {
			isa = PBXContainerItemProxy;
			containerPortal = 323AFEDD1A3BC80800A1CD87 /* Project object */;
			proxyType = 1;
			remoteGlobalIDString = 323AFEE41A3BC80800A1CD87;
			remoteInfo = Drop;
		};
/* End PBXContainerItemProxy section */

/* Begin PBXFileReference section */
		322555281A425879005328D1 /* SignUpVC.h */ = {isa = PBXFileReference; fileEncoding = 4; lastKnownFileType = sourcecode.c.h; path = SignUpVC.h; sourceTree = "<group>"; };
		322555291A425879005328D1 /* SignUpVC.m */ = {isa = PBXFileReference; fileEncoding = 4; lastKnownFileType = sourcecode.c.objc; path = SignUpVC.m; sourceTree = "<group>"; };
		3225552B1A42588E005328D1 /* LoginVC.h */ = {isa = PBXFileReference; fileEncoding = 4; lastKnownFileType = sourcecode.c.h; path = LoginVC.h; sourceTree = "<group>"; };
		3225552C1A42588E005328D1 /* LoginVC.m */ = {isa = PBXFileReference; fileEncoding = 4; lastKnownFileType = sourcecode.c.objc; path = LoginVC.m; sourceTree = "<group>"; };
		3225552E1A426F54005328D1 /* MakeProfileVC.h */ = {isa = PBXFileReference; fileEncoding = 4; lastKnownFileType = sourcecode.c.h; path = MakeProfileVC.h; sourceTree = "<group>"; };
		3225552F1A426F54005328D1 /* MakeProfileVC.m */ = {isa = PBXFileReference; fileEncoding = 4; lastKnownFileType = sourcecode.c.objc; path = MakeProfileVC.m; sourceTree = "<group>"; };
		323AFEE51A3BC80800A1CD87 /* Drop.app */ = {isa = PBXFileReference; explicitFileType = wrapper.application; includeInIndex = 0; path = Drop.app; sourceTree = BUILT_PRODUCTS_DIR; };
		323AFEE91A3BC80800A1CD87 /* Info.plist */ = {isa = PBXFileReference; lastKnownFileType = text.plist.xml; path = Info.plist; sourceTree = "<group>"; };
		323AFEEA1A3BC80800A1CD87 /* main.m */ = {isa = PBXFileReference; lastKnownFileType = sourcecode.c.objc; path = main.m; sourceTree = "<group>"; };
		323AFEEC1A3BC80800A1CD87 /* AppDelegate.h */ = {isa = PBXFileReference; lastKnownFileType = sourcecode.c.h; path = AppDelegate.h; sourceTree = "<group>"; };
		323AFEED1A3BC80800A1CD87 /* AppDelegate.m */ = {isa = PBXFileReference; lastKnownFileType = sourcecode.c.objc; path = AppDelegate.m; sourceTree = "<group>"; };
		323AFEEF1A3BC80800A1CD87 /* ViewController.h */ = {isa = PBXFileReference; lastKnownFileType = sourcecode.c.h; path = ViewController.h; sourceTree = "<group>"; };
		323AFEF01A3BC80800A1CD87 /* ViewController.m */ = {isa = PBXFileReference; lastKnownFileType = sourcecode.c.objc; path = ViewController.m; sourceTree = "<group>"; };
		323AFEF31A3BC80800A1CD87 /* Base */ = {isa = PBXFileReference; lastKnownFileType = file.storyboard; name = Base; path = Base.lproj/Main.storyboard; sourceTree = "<group>"; };
		323AFEF51A3BC80800A1CD87 /* Images.xcassets */ = {isa = PBXFileReference; lastKnownFileType = folder.assetcatalog; path = Images.xcassets; sourceTree = "<group>"; };
		323AFEF81A3BC80800A1CD87 /* Base */ = {isa = PBXFileReference; lastKnownFileType = file.xib; name = Base; path = Base.lproj/LaunchScreen.xib; sourceTree = "<group>"; };
		323AFEFE1A3BC80800A1CD87 /* DropTests.xctest */ = {isa = PBXFileReference; explicitFileType = wrapper.cfbundle; includeInIndex = 0; path = DropTests.xctest; sourceTree = BUILT_PRODUCTS_DIR; };
		323AFF031A3BC80800A1CD87 /* Info.plist */ = {isa = PBXFileReference; lastKnownFileType = text.plist.xml; path = Info.plist; sourceTree = "<group>"; };
		323AFF041A3BC80800A1CD87 /* DropTests.m */ = {isa = PBXFileReference; lastKnownFileType = sourcecode.c.objc; path = DropTests.m; sourceTree = "<group>"; };
		323AFF0E1A3BCBA200A1CD87 /* MobileCoreServices.framework */ = {isa = PBXFileReference; lastKnownFileType = wrapper.framework; name = MobileCoreServices.framework; path = System/Library/Frameworks/MobileCoreServices.framework; sourceTree = SDKROOT; };
		323AFF101A3BCC8E00A1CD87 /* MapKit.framework */ = {isa = PBXFileReference; lastKnownFileType = wrapper.framework; name = MapKit.framework; path = System/Library/Frameworks/MapKit.framework; sourceTree = SDKROOT; };
		323AFF121A3BCDF400A1CD87 /* AVFoundation.framework */ = {isa = PBXFileReference; lastKnownFileType = wrapper.framework; name = AVFoundation.framework; path = System/Library/Frameworks/AVFoundation.framework; sourceTree = SDKROOT; };
		323AFF141A3BCED300A1CD87 /* CoreVideo.framework */ = {isa = PBXFileReference; lastKnownFileType = wrapper.framework; name = CoreVideo.framework; path = System/Library/Frameworks/CoreVideo.framework; sourceTree = SDKROOT; };
		323AFF161A3BCED900A1CD87 /* CoreMedia.framework */ = {isa = PBXFileReference; lastKnownFileType = wrapper.framework; name = CoreMedia.framework; path = System/Library/Frameworks/CoreMedia.framework; sourceTree = SDKROOT; };
		323AFF181A3BCEE700A1CD87 /* ImageIO.framework */ = {isa = PBXFileReference; lastKnownFileType = wrapper.framework; name = ImageIO.framework; path = System/Library/Frameworks/ImageIO.framework; sourceTree = SDKROOT; };
		323AFF1A1A3BCEEE00A1CD87 /* QuartzCore.framework */ = {isa = PBXFileReference; lastKnownFileType = wrapper.framework; name = QuartzCore.framework; path = System/Library/Frameworks/QuartzCore.framework; sourceTree = SDKROOT; };
		327E5ED21A42E39A00A8D4E9 /* FirstVC.h */ = {isa = PBXFileReference; fileEncoding = 4; lastKnownFileType = sourcecode.c.h; path = FirstVC.h; sourceTree = "<group>"; };
		327E5ED31A42E39A00A8D4E9 /* FirstVC.m */ = {isa = PBXFileReference; fileEncoding = 4; lastKnownFileType = sourcecode.c.objc; path = FirstVC.m; sourceTree = "<group>"; };
		5744D595651E841DEDB17F2C /* Pods.release.xcconfig */ = {isa = PBXFileReference; includeInIndex = 1; lastKnownFileType = text.xcconfig; name = Pods.release.xcconfig; path = "Pods/Target Support Files/Pods/Pods.release.xcconfig"; sourceTree = "<group>"; };
		C772EBD609025F232DF2D5EC /* libPods.a */ = {isa = PBXFileReference; explicitFileType = archive.ar; includeInIndex = 0; path = libPods.a; sourceTree = BUILT_PRODUCTS_DIR; };
		E1E56D04DD61B47947C14A27 /* Pods.debug.xcconfig */ = {isa = PBXFileReference; includeInIndex = 1; lastKnownFileType = text.xcconfig; name = Pods.debug.xcconfig; path = "Pods/Target Support Files/Pods/Pods.debug.xcconfig"; sourceTree = "<group>"; };
/* End PBXFileReference section */

/* Begin PBXFrameworksBuildPhase section */
		323AFEE21A3BC80800A1CD87 /* Frameworks */ = {
			isa = PBXFrameworksBuildPhase;
			buildActionMask = 2147483647;
			files = (
				323AFF1B1A3BCEEE00A1CD87 /* QuartzCore.framework in Frameworks */,
				323AFF191A3BCEE700A1CD87 /* ImageIO.framework in Frameworks */,
				323AFF171A3BCED900A1CD87 /* CoreMedia.framework in Frameworks */,
				323AFF151A3BCED300A1CD87 /* CoreVideo.framework in Frameworks */,
				323AFF131A3BCDF400A1CD87 /* AVFoundation.framework in Frameworks */,
				323AFF111A3BCC8E00A1CD87 /* MapKit.framework in Frameworks */,
				323AFF0F1A3BCBA200A1CD87 /* MobileCoreServices.framework in Frameworks */,
				8807A74BDA3D7CF833CC6F74 /* libPods.a in Frameworks */,
			);
			runOnlyForDeploymentPostprocessing = 0;
		};
		323AFEFB1A3BC80800A1CD87 /* Frameworks */ = {
			isa = PBXFrameworksBuildPhase;
			buildActionMask = 2147483647;
			files = (
			);
			runOnlyForDeploymentPostprocessing = 0;
		};
/* End PBXFrameworksBuildPhase section */

/* Begin PBXGroup section */
		107CEFC39DD3E573ABC1390E /* Pods */ = {
			isa = PBXGroup;
			children = (
				E1E56D04DD61B47947C14A27 /* Pods.debug.xcconfig */,
				5744D595651E841DEDB17F2C /* Pods.release.xcconfig */,
			);
			name = Pods;
			sourceTree = "<group>";
		};
		323AFEDC1A3BC80800A1CD87 = {
			isa = PBXGroup;
			children = (
				323AFF1A1A3BCEEE00A1CD87 /* QuartzCore.framework */,
				323AFF181A3BCEE700A1CD87 /* ImageIO.framework */,
				323AFF161A3BCED900A1CD87 /* CoreMedia.framework */,
				323AFF141A3BCED300A1CD87 /* CoreVideo.framework */,
				323AFF121A3BCDF400A1CD87 /* AVFoundation.framework */,
				323AFF101A3BCC8E00A1CD87 /* MapKit.framework */,
				323AFF0E1A3BCBA200A1CD87 /* MobileCoreServices.framework */,
				323AFEE71A3BC80800A1CD87 /* Drop */,
				323AFF011A3BC80800A1CD87 /* DropTests */,
				323AFEE61A3BC80800A1CD87 /* Products */,
				107CEFC39DD3E573ABC1390E /* Pods */,
				F05664720F517F0FE7F6DDB6 /* Frameworks */,
			);
			sourceTree = "<group>";
		};
		323AFEE61A3BC80800A1CD87 /* Products */ = {
			isa = PBXGroup;
			children = (
				323AFEE51A3BC80800A1CD87 /* Drop.app */,
				323AFEFE1A3BC80800A1CD87 /* DropTests.xctest */,
			);
			name = Products;
			sourceTree = "<group>";
		};
		323AFEE71A3BC80800A1CD87 /* Drop */ = {
			isa = PBXGroup;
			children = (
				323AFEEC1A3BC80800A1CD87 /* AppDelegate.h */,
				323AFEED1A3BC80800A1CD87 /* AppDelegate.m */,
				327E5ED21A42E39A00A8D4E9 /* FirstVC.h */,
				327E5ED31A42E39A00A8D4E9 /* FirstVC.m */,
				3225552B1A42588E005328D1 /* LoginVC.h */,
				3225552C1A42588E005328D1 /* LoginVC.m */,
				322555281A425879005328D1 /* SignUpVC.h */,
				322555291A425879005328D1 /* SignUpVC.m */,
				3225552E1A426F54005328D1 /* MakeProfileVC.h */,
				3225552F1A426F54005328D1 /* MakeProfileVC.m */,
				323AFEEF1A3BC80800A1CD87 /* ViewController.h */,
				323AFEF01A3BC80800A1CD87 /* ViewController.m */,
				323AFEF21A3BC80800A1CD87 /* Main.storyboard */,
				323AFEF51A3BC80800A1CD87 /* Images.xcassets */,
				323AFEF71A3BC80800A1CD87 /* LaunchScreen.xib */,
				323AFEE81A3BC80800A1CD87 /* Supporting Files */,
			);
			path = Drop;
			sourceTree = "<group>";
		};
		323AFEE81A3BC80800A1CD87 /* Supporting Files */ = {
			isa = PBXGroup;
			children = (
				323AFEE91A3BC80800A1CD87 /* Info.plist */,
				323AFEEA1A3BC80800A1CD87 /* main.m */,
			);
			name = "Supporting Files";
			sourceTree = "<group>";
		};
		323AFF011A3BC80800A1CD87 /* DropTests */ = {
			isa = PBXGroup;
			children = (
				323AFF041A3BC80800A1CD87 /* DropTests.m */,
				323AFF021A3BC80800A1CD87 /* Supporting Files */,
			);
			path = DropTests;
			sourceTree = "<group>";
		};
		323AFF021A3BC80800A1CD87 /* Supporting Files */ = {
			isa = PBXGroup;
			children = (
				323AFF031A3BC80800A1CD87 /* Info.plist */,
			);
			name = "Supporting Files";
			sourceTree = "<group>";
		};
		F05664720F517F0FE7F6DDB6 /* Frameworks */ = {
			isa = PBXGroup;
			children = (
				C772EBD609025F232DF2D5EC /* libPods.a */,
			);
			name = Frameworks;
			sourceTree = "<group>";
		};
/* End PBXGroup section */

/* Begin PBXNativeTarget section */
		323AFEE41A3BC80800A1CD87 /* Drop */ = {
			isa = PBXNativeTarget;
			buildConfigurationList = 323AFF081A3BC80800A1CD87 /* Build configuration list for PBXNativeTarget "Drop" */;
			buildPhases = (
				BD089B2D576A409102414B5C /* Check Pods Manifest.lock */,
				323AFEE11A3BC80800A1CD87 /* Sources */,
				323AFEE21A3BC80800A1CD87 /* Frameworks */,
				323AFEE31A3BC80800A1CD87 /* Resources */,
				8534E1CED124F2DE9DBAAED9 /* Copy Pods Resources */,
			);
			buildRules = (
			);
			dependencies = (
			);
			name = Drop;
			productName = Drop;
			productReference = 323AFEE51A3BC80800A1CD87 /* Drop.app */;
			productType = "com.apple.product-type.application";
		};
		323AFEFD1A3BC80800A1CD87 /* DropTests */ = {
			isa = PBXNativeTarget;
			buildConfigurationList = 323AFF0B1A3BC80800A1CD87 /* Build configuration list for PBXNativeTarget "DropTests" */;
			buildPhases = (
				323AFEFA1A3BC80800A1CD87 /* Sources */,
				323AFEFB1A3BC80800A1CD87 /* Frameworks */,
				323AFEFC1A3BC80800A1CD87 /* Resources */,
			);
			buildRules = (
			);
			dependencies = (
				323AFF001A3BC80800A1CD87 /* PBXTargetDependency */,
			);
			name = DropTests;
			productName = DropTests;
			productReference = 323AFEFE1A3BC80800A1CD87 /* DropTests.xctest */;
			productType = "com.apple.product-type.bundle.unit-test";
		};
/* End PBXNativeTarget section */

/* Begin PBXProject section */
		323AFEDD1A3BC80800A1CD87 /* Project object */ = {
			isa = PBXProject;
			attributes = {
				LastUpgradeCheck = 0610;
				ORGANIZATIONNAME = KJDev;
				TargetAttributes = {
					323AFEE41A3BC80800A1CD87 = {
						CreatedOnToolsVersion = 6.1.1;
					};
					323AFEFD1A3BC80800A1CD87 = {
						CreatedOnToolsVersion = 6.1.1;
						TestTargetID = 323AFEE41A3BC80800A1CD87;
					};
				};
			};
			buildConfigurationList = 323AFEE01A3BC80800A1CD87 /* Build configuration list for PBXProject "Drop" */;
			compatibilityVersion = "Xcode 3.2";
			developmentRegion = English;
			hasScannedForEncodings = 0;
			knownRegions = (
				en,
				Base,
			);
			mainGroup = 323AFEDC1A3BC80800A1CD87;
			productRefGroup = 323AFEE61A3BC80800A1CD87 /* Products */;
			projectDirPath = "";
			projectRoot = "";
			targets = (
				323AFEE41A3BC80800A1CD87 /* Drop */,
				323AFEFD1A3BC80800A1CD87 /* DropTests */,
			);
		};
/* End PBXProject section */

/* Begin PBXResourcesBuildPhase section */
		323AFEE31A3BC80800A1CD87 /* Resources */ = {
			isa = PBXResourcesBuildPhase;
			buildActionMask = 2147483647;
			files = (
				323AFEF41A3BC80800A1CD87 /* Main.storyboard in Resources */,
				323AFEF91A3BC80800A1CD87 /* LaunchScreen.xib in Resources */,
				323AFEF61A3BC80800A1CD87 /* Images.xcassets in Resources */,
			);
			runOnlyForDeploymentPostprocessing = 0;
		};
		323AFEFC1A3BC80800A1CD87 /* Resources */ = {
			isa = PBXResourcesBuildPhase;
			buildActionMask = 2147483647;
			files = (
			);
			runOnlyForDeploymentPostprocessing = 0;
		};
/* End PBXResourcesBuildPhase section */

/* Begin PBXShellScriptBuildPhase section */
		8534E1CED124F2DE9DBAAED9 /* Copy Pods Resources */ = {
			isa = PBXShellScriptBuildPhase;
			buildActionMask = 2147483647;
			files = (
			);
			inputPaths = (
			);
			name = "Copy Pods Resources";
			outputPaths = (
			);
			runOnlyForDeploymentPostprocessing = 0;
			shellPath = /bin/sh;
			shellScript = "\"${SRCROOT}/Pods/Target Support Files/Pods/Pods-resources.sh\"\n";
			showEnvVarsInLog = 0;
		};
		BD089B2D576A409102414B5C /* Check Pods Manifest.lock */ = {
			isa = PBXShellScriptBuildPhase;
			buildActionMask = 2147483647;
			files = (
			);
			inputPaths = (
			);
			name = "Check Pods Manifest.lock";
			outputPaths = (
			);
			runOnlyForDeploymentPostprocessing = 0;
			shellPath = /bin/sh;
			shellScript = "diff \"${PODS_ROOT}/../Podfile.lock\" \"${PODS_ROOT}/Manifest.lock\" > /dev/null\nif [[ $? != 0 ]] ; then\n    cat << EOM\nerror: The sandbox is not in sync with the Podfile.lock. Run 'pod install' or update your CocoaPods installation.\nEOM\n    exit 1\nfi\n";
			showEnvVarsInLog = 0;
		};
/* End PBXShellScriptBuildPhase section */

/* Begin PBXSourcesBuildPhase section */
		323AFEE11A3BC80800A1CD87 /* Sources */ = {
			isa = PBXSourcesBuildPhase;
			buildActionMask = 2147483647;
			files = (
				323AFEF11A3BC80800A1CD87 /* ViewController.m in Sources */,
				327E5ED41A42E39A00A8D4E9 /* FirstVC.m in Sources */,
				323AFEEE1A3BC80800A1CD87 /* AppDelegate.m in Sources */,
				322555301A426F54005328D1 /* MakeProfileVC.m in Sources */,
				3225552D1A42588F005328D1 /* LoginVC.m in Sources */,
				3225552A1A425879005328D1 /* SignUpVC.m in Sources */,
				323AFEEB1A3BC80800A1CD87 /* main.m in Sources */,
			);
			runOnlyForDeploymentPostprocessing = 0;
		};
		323AFEFA1A3BC80800A1CD87 /* Sources */ = {
			isa = PBXSourcesBuildPhase;
			buildActionMask = 2147483647;
			files = (
				323AFF051A3BC80800A1CD87 /* DropTests.m in Sources */,
			);
			runOnlyForDeploymentPostprocessing = 0;
		};
/* End PBXSourcesBuildPhase section */

/* Begin PBXTargetDependency section */
		323AFF001A3BC80800A1CD87 /* PBXTargetDependency */ = {
			isa = PBXTargetDependency;
			target = 323AFEE41A3BC80800A1CD87 /* Drop */;
			targetProxy = 323AFEFF1A3BC80800A1CD87 /* PBXContainerItemProxy */;
		};
/* End PBXTargetDependency section */

/* Begin PBXVariantGroup section */
		323AFEF21A3BC80800A1CD87 /* Main.storyboard */ = {
			isa = PBXVariantGroup;
			children = (
				323AFEF31A3BC80800A1CD87 /* Base */,
			);
			name = Main.storyboard;
			sourceTree = "<group>";
		};
		323AFEF71A3BC80800A1CD87 /* LaunchScreen.xib */ = {
			isa = PBXVariantGroup;
			children = (
				323AFEF81A3BC80800A1CD87 /* Base */,
			);
			name = LaunchScreen.xib;
			sourceTree = "<group>";
		};
/* End PBXVariantGroup section */

/* Begin XCBuildConfiguration section */
		323AFF061A3BC80800A1CD87 /* Debug */ = {
			isa = XCBuildConfiguration;
			buildSettings = {
				ALWAYS_SEARCH_USER_PATHS = NO;
				CLANG_CXX_LANGUAGE_STANDARD = "gnu++0x";
				CLANG_CXX_LIBRARY = "libc++";
				CLANG_ENABLE_MODULES = YES;
				CLANG_ENABLE_OBJC_ARC = YES;
				CLANG_WARN_BOOL_CONVERSION = YES;
				CLANG_WARN_CONSTANT_CONVERSION = YES;
				CLANG_WARN_DIRECT_OBJC_ISA_USAGE = YES_ERROR;
				CLANG_WARN_EMPTY_BODY = YES;
				CLANG_WARN_ENUM_CONVERSION = YES;
				CLANG_WARN_INT_CONVERSION = YES;
				CLANG_WARN_OBJC_ROOT_CLASS = YES_ERROR;
				CLANG_WARN_UNREACHABLE_CODE = YES;
				CLANG_WARN__DUPLICATE_METHOD_MATCH = YES;
				"CODE_SIGN_IDENTITY[sdk=iphoneos*]" = "iPhone Developer";
				COPY_PHASE_STRIP = NO;
				ENABLE_STRICT_OBJC_MSGSEND = YES;
				GCC_C_LANGUAGE_STANDARD = gnu99;
				GCC_DYNAMIC_NO_PIC = NO;
				GCC_OPTIMIZATION_LEVEL = 0;
				GCC_PREPROCESSOR_DEFINITIONS = (
					"DEBUG=1",
					"$(inherited)",
				);
				GCC_SYMBOLS_PRIVATE_EXTERN = NO;
				GCC_WARN_64_TO_32_BIT_CONVERSION = YES;
				GCC_WARN_ABOUT_RETURN_TYPE = YES_ERROR;
				GCC_WARN_UNDECLARED_SELECTOR = YES;
				GCC_WARN_UNINITIALIZED_AUTOS = YES_AGGRESSIVE;
				GCC_WARN_UNUSED_FUNCTION = YES;
				GCC_WARN_UNUSED_VARIABLE = YES;
				IPHONEOS_DEPLOYMENT_TARGET = 8.1;
				MTL_ENABLE_DEBUG_INFO = YES;
				ONLY_ACTIVE_ARCH = YES;
				SDKROOT = iphoneos;
			};
			name = Debug;
		};
		323AFF071A3BC80800A1CD87 /* Release */ = {
			isa = XCBuildConfiguration;
			buildSettings = {
				ALWAYS_SEARCH_USER_PATHS = NO;
				CLANG_CXX_LANGUAGE_STANDARD = "gnu++0x";
				CLANG_CXX_LIBRARY = "libc++";
				CLANG_ENABLE_MODULES = YES;
				CLANG_ENABLE_OBJC_ARC = YES;
				CLANG_WARN_BOOL_CONVERSION = YES;
				CLANG_WARN_CONSTANT_CONVERSION = YES;
				CLANG_WARN_DIRECT_OBJC_ISA_USAGE = YES_ERROR;
				CLANG_WARN_EMPTY_BODY = YES;
				CLANG_WARN_ENUM_CONVERSION = YES;
				CLANG_WARN_INT_CONVERSION = YES;
				CLANG_WARN_OBJC_ROOT_CLASS = YES_ERROR;
				CLANG_WARN_UNREACHABLE_CODE = YES;
				CLANG_WARN__DUPLICATE_METHOD_MATCH = YES;
				"CODE_SIGN_IDENTITY[sdk=iphoneos*]" = "iPhone Developer";
				COPY_PHASE_STRIP = YES;
				ENABLE_NS_ASSERTIONS = NO;
				ENABLE_STRICT_OBJC_MSGSEND = YES;
				GCC_C_LANGUAGE_STANDARD = gnu99;
				GCC_WARN_64_TO_32_BIT_CONVERSION = YES;
				GCC_WARN_ABOUT_RETURN_TYPE = YES_ERROR;
				GCC_WARN_UNDECLARED_SELECTOR = YES;
				GCC_WARN_UNINITIALIZED_AUTOS = YES_AGGRESSIVE;
				GCC_WARN_UNUSED_FUNCTION = YES;
				GCC_WARN_UNUSED_VARIABLE = YES;
				IPHONEOS_DEPLOYMENT_TARGET = 8.1;
				MTL_ENABLE_DEBUG_INFO = NO;
				SDKROOT = iphoneos;
				VALIDATE_PRODUCT = YES;
			};
			name = Release;
		};
		323AFF091A3BC80800A1CD87 /* Debug */ = {
			isa = XCBuildConfiguration;
			baseConfigurationReference = E1E56D04DD61B47947C14A27 /* Pods.debug.xcconfig */;
			buildSettings = {
				ASSETCATALOG_COMPILER_APPICON_NAME = AppIcon;
				INFOPLIST_FILE = Drop/Info.plist;
				IPHONEOS_DEPLOYMENT_TARGET = 7.0;
				LD_RUNPATH_SEARCH_PATHS = "$(inherited) @executable_path/Frameworks";
				PRODUCT_NAME = "$(TARGET_NAME)";
			};
			name = Debug;
		};
		323AFF0A1A3BC80800A1CD87 /* Release */ = {
			isa = XCBuildConfiguration;
			baseConfigurationReference = 5744D595651E841DEDB17F2C /* Pods.release.xcconfig */;
			buildSettings = {
				ASSETCATALOG_COMPILER_APPICON_NAME = AppIcon;
				INFOPLIST_FILE = Drop/Info.plist;
				IPHONEOS_DEPLOYMENT_TARGET = 7.0;
				LD_RUNPATH_SEARCH_PATHS = "$(inherited) @executable_path/Frameworks";
				PRODUCT_NAME = "$(TARGET_NAME)";
			};
			name = Release;
		};
		323AFF0C1A3BC80800A1CD87 /* Debug */ = {
			isa = XCBuildConfiguration;
			buildSettings = {
				BUNDLE_LOADER = "$(TEST_HOST)";
				FRAMEWORK_SEARCH_PATHS = (
					"$(SDKROOT)/Developer/Library/Frameworks",
					"$(inherited)",
				);
				GCC_PREPROCESSOR_DEFINITIONS = (
					"DEBUG=1",
					"$(inherited)",
				);
				INFOPLIST_FILE = DropTests/Info.plist;
				LD_RUNPATH_SEARCH_PATHS = "$(inherited) @executable_path/Frameworks @loader_path/Frameworks";
				PRODUCT_NAME = "$(TARGET_NAME)";
				TEST_HOST = "$(BUILT_PRODUCTS_DIR)/Drop.app/Drop";
			};
			name = Debug;
		};
		323AFF0D1A3BC80800A1CD87 /* Release */ = {
			isa = XCBuildConfiguration;
			buildSettings = {
				BUNDLE_LOADER = "$(TEST_HOST)";
				FRAMEWORK_SEARCH_PATHS = (
					"$(SDKROOT)/Developer/Library/Frameworks",
					"$(inherited)",
				);
				INFOPLIST_FILE = DropTests/Info.plist;
				LD_RUNPATH_SEARCH_PATHS = "$(inherited) @executable_path/Frameworks @loader_path/Frameworks";
				PRODUCT_NAME = "$(TARGET_NAME)";
				TEST_HOST = "$(BUILT_PRODUCTS_DIR)/Drop.app/Drop";
			};
			name = Release;
		};
/* End XCBuildConfiguration section */

/* Begin XCConfigurationList section */
		323AFEE01A3BC80800A1CD87 /* Build configuration list for PBXProject "Drop" */ = {
			isa = XCConfigurationList;
			buildConfigurations = (
				323AFF061A3BC80800A1CD87 /* Debug */,
				323AFF071A3BC80800A1CD87 /* Release */,
			);
			defaultConfigurationIsVisible = 0;
			defaultConfigurationName = Release;
		};
		323AFF081A3BC80800A1CD87 /* Build configuration list for PBXNativeTarget "Drop" */ = {
			isa = XCConfigurationList;
			buildConfigurations = (
				323AFF091A3BC80800A1CD87 /* Debug */,
				323AFF0A1A3BC80800A1CD87 /* Release */,
			);
			defaultConfigurationIsVisible = 0;
			defaultConfigurationName = Release;
		};
		323AFF0B1A3BC80800A1CD87 /* Build configuration list for PBXNativeTarget "DropTests" */ = {
			isa = XCConfigurationList;
			buildConfigurations = (
				323AFF0C1A3BC80800A1CD87 /* Debug */,
				323AFF0D1A3BC80800A1CD87 /* Release */,
			);
			defaultConfigurationIsVisible = 0;
			defaultConfigurationName = Release;
		};
/* End XCConfigurationList section */
	};
	rootObject = 323AFEDD1A3BC80800A1CD87 /* Project object */;
}
